dependencies:
- name: mysql
  repository: https://charts.bitnami.com/bitnami
  version: 9.4.1
- name: minio
  repository: https://charts.bitnami.com/bitnami
  version: 11.10.12
- name: postgresql
  repository: https://charts.bitnami.com/bitnami
  version: 12.0.0
- name: mysql
  repository: https://charts.bitnami.com/bitnami
  version: 9.4.1
- name: mongodb
  repository: https://charts.bitnami.com/bitnami
  version: 13.3.0
digest: sha256:f167d13b6259be1ba752bc8835b156f5491d0f3ee53ec2d533a8454fc1dc8efc
generated: "2022-10-31T19:19:53.031994503+01:00"
